// !$*UTF8*$!
{
	archiveVersion = 1;
	classes = {
	};
	objectVersion = 50;
	objects = {

/* Begin PBXBuildFile section */
		5F6A938B21C21C9E00AE1550 /* AppDelegate.swift in Sources */ = {isa = PBXBuildFile; fileRef = 5F6A938A21C21C9E00AE1550 /* AppDelegate.swift */; };
		5F6A938D21C21C9E00AE1550 /* ViewController.swift in Sources */ = {isa = PBXBuildFile; fileRef = 5F6A938C21C21C9E00AE1550 /* ViewController.swift */; };
		5F6A939021C21C9E00AE1550 /* Main.storyboard in Resources */ = {isa = PBXBuildFile; fileRef = 5F6A938E21C21C9E00AE1550 /* Main.storyboard */; };
		5F6A939221C21CB400AE1550 /* Assets.xcassets in Resources */ = {isa = PBXBuildFile; fileRef = 5F6A939121C21CB400AE1550 /* Assets.xcassets */; };
		5F6A939521C21CB400AE1550 /* LaunchScreen.storyboard in Resources */ = {isa = PBXBuildFile; fileRef = 5F6A939321C21CB400AE1550 /* LaunchScreen.storyboard */; };
		5F6A93A021C21CB400AE1550 /* imageSQLite_iOSTests.swift in Sources */ = {isa = PBXBuildFile; fileRef = 5F6A939F21C21CB400AE1550 /* imageSQLite_iOSTests.swift */; };
		5F6A93AB21C21CB400AE1550 /* imageSQLite_iOSUITests.swift in Sources */ = {isa = PBXBuildFile; fileRef = 5F6A93AA21C21CB400AE1550 /* imageSQLite_iOSUITests.swift */; };
		5F6A93B921C2359B00AE1550 /* DatabaseManager.swift in Sources */ = {isa = PBXBuildFile; fileRef = 5F6A93B821C2359B00AE1550 /* DatabaseManager.swift */; };
		5F6A93C821C235FD00AE1550 /* FMDatabase.m in Sources */ = {isa = PBXBuildFile; fileRef = 5F6A93BD21C235FD00AE1550 /* FMDatabase.m */; settings = {COMPILER_FLAGS = "-fno-objc-arc"; }; };
		5F6A93C921C235FD00AE1550 /* FMDatabaseAdditions.m in Sources */ = {isa = PBXBuildFile; fileRef = 5F6A93BF21C235FD00AE1550 /* FMDatabaseAdditions.m */; settings = {COMPILER_FLAGS = "-fno-objc-arc"; }; };
		5F6A93CA21C235FD00AE1550 /* FMDatabasePool.m in Sources */ = {isa = PBXBuildFile; fileRef = 5F6A93C121C235FD00AE1550 /* FMDatabasePool.m */; };
		5F6A93CB21C235FD00AE1550 /* FMDatabaseQueue.m in Sources */ = {isa = PBXBuildFile; fileRef = 5F6A93C321C235FD00AE1550 /* FMDatabaseQueue.m */; };
		5F6A93CC21C235FD00AE1550 /* FMResultSet.m in Sources */ = {isa = PBXBuildFile; fileRef = 5F6A93C621C235FD00AE1550 /* FMResultSet.m */; settings = {COMPILER_FLAGS = "-fno-objc-arc"; }; };
		5F6FBAA721C369D200C2DB16 /* Util.swift in Sources */ = {isa = PBXBuildFile; fileRef = 5F6FBAA621C369D200C2DB16 /* Util.swift */; };
		5FD58F6A21C238E600CCC740 /* AVKit.framework in Frameworks */ = {isa = PBXBuildFile; fileRef = 5FD58F6921C238E600CCC740 /* AVKit.framework */; };
		5FD58F6C21C238EC00CCC740 /* AVFoundation.framework in Frameworks */ = {isa = PBXBuildFile; fileRef = 5FD58F6B21C238EC00CCC740 /* AVFoundation.framework */; };
		5FD58F6E21C238F200CCC740 /* libsqlite3.0.tbd in Frameworks */ = {isa = PBXBuildFile; fileRef = 5FD58F6D21C238F200CCC740 /* libsqlite3.0.tbd */; };
		5FD58F7021C2503900CCC740 /* ViewImage.swift in Sources */ = {isa = PBXBuildFile; fileRef = 5FD58F6F21C2503900CCC740 /* ViewImage.swift */; };
		5FD58FAE21C271A800CCC740 /* ImageTableCell.swift in Sources */ = {isa = PBXBuildFile; fileRef = 5FD58FAD21C271A800CCC740 /* ImageTableCell.swift */; };
		5FD58FB021C277D300CCC740 /* ListModel.swift in Sources */ = {isa = PBXBuildFile; fileRef = 5FD58FAF21C277D300CCC740 /* ListModel.swift */; };
/* End PBXBuildFile section */

/* Begin PBXContainerItemProxy section */
		5F6A939C21C21CB400AE1550 /* PBXContainerItemProxy */ = {
			isa = PBXContainerItemProxy;
			containerPortal = 5F6A937F21C21C9E00AE1550 /* Project object */;
			proxyType = 1;
			remoteGlobalIDString = 5F6A938621C21C9E00AE1550;
			remoteInfo = "imageSQLite-iOS";
		};
		5F6A93A721C21CB400AE1550 /* PBXContainerItemProxy */ = {
			isa = PBXContainerItemProxy;
			containerPortal = 5F6A937F21C21C9E00AE1550 /* Project object */;
			proxyType = 1;
			remoteGlobalIDString = 5F6A938621C21C9E00AE1550;
			remoteInfo = "imageSQLite-iOS";
		};
/* End PBXContainerItemProxy section */

/* Begin PBXFileReference section */
		5F6A938721C21C9E00AE1550 /* imageSQLite-iOS.app */ = {isa = PBXFileReference; explicitFileType = wrapper.application; includeInIndex = 0; path = "imageSQLite-iOS.app"; sourceTree = BUILT_PRODUCTS_DIR; };
		5F6A938A21C21C9E00AE1550 /* AppDelegate.swift */ = {isa = PBXFileReference; lastKnownFileType = sourcecode.swift; path = AppDelegate.swift; sourceTree = "<group>"; };
		5F6A938C21C21C9E00AE1550 /* ViewController.swift */ = {isa = PBXFileReference; lastKnownFileType = sourcecode.swift; path = ViewController.swift; sourceTree = "<group>"; };
		5F6A938F21C21C9E00AE1550 /* Base */ = {isa = PBXFileReference; lastKnownFileType = file.storyboard; name = Base; path = Base.lproj/Main.storyboard; sourceTree = "<group>"; };
		5F6A939121C21CB400AE1550 /* Assets.xcassets */ = {isa = PBXFileReference; lastKnownFileType = folder.assetcatalog; path = Assets.xcassets; sourceTree = "<group>"; };
		5F6A939421C21CB400AE1550 /* Base */ = {isa = PBXFileReference; lastKnownFileType = file.storyboard; name = Base; path = Base.lproj/LaunchScreen.storyboard; sourceTree = "<group>"; };
		5F6A939621C21CB400AE1550 /* Info.plist */ = {isa = PBXFileReference; lastKnownFileType = text.plist.xml; path = Info.plist; sourceTree = "<group>"; };
		5F6A939B21C21CB400AE1550 /* imageSQLite-iOSTests.xctest */ = {isa = PBXFileReference; explicitFileType = wrapper.cfbundle; includeInIndex = 0; path = "imageSQLite-iOSTests.xctest"; sourceTree = BUILT_PRODUCTS_DIR; };
		5F6A939F21C21CB400AE1550 /* imageSQLite_iOSTests.swift */ = {isa = PBXFileReference; lastKnownFileType = sourcecode.swift; path = imageSQLite_iOSTests.swift; sourceTree = "<group>"; };
		5F6A93A121C21CB400AE1550 /* Info.plist */ = {isa = PBXFileReference; lastKnownFileType = text.plist.xml; path = Info.plist; sourceTree = "<group>"; };
		5F6A93A621C21CB400AE1550 /* imageSQLite-iOSUITests.xctest */ = {isa = PBXFileReference; explicitFileType = wrapper.cfbundle; includeInIndex = 0; path = "imageSQLite-iOSUITests.xctest"; sourceTree = BUILT_PRODUCTS_DIR; };
		5F6A93AA21C21CB400AE1550 /* imageSQLite_iOSUITests.swift */ = {isa = PBXFileReference; lastKnownFileType = sourcecode.swift; path = imageSQLite_iOSUITests.swift; sourceTree = "<group>"; };
		5F6A93AC21C21CB400AE1550 /* Info.plist */ = {isa = PBXFileReference; lastKnownFileType = text.plist.xml; path = Info.plist; sourceTree = "<group>"; };
		5F6A93B821C2359B00AE1550 /* DatabaseManager.swift */ = {isa = PBXFileReference; lastKnownFileType = sourcecode.swift; path = DatabaseManager.swift; sourceTree = "<group>"; };
		5F6A93BA21C235B500AE1550 /* HeaderFile.h */ = {isa = PBXFileReference; lastKnownFileType = sourcecode.c.h; path = HeaderFile.h; sourceTree = "<group>"; };
		5F6A93BC21C235FD00AE1550 /* FMDatabase.h */ = {isa = PBXFileReference; fileEncoding = 4; lastKnownFileType = sourcecode.c.h; path = FMDatabase.h; sourceTree = "<group>"; };
		5F6A93BD21C235FD00AE1550 /* FMDatabase.m */ = {isa = PBXFileReference; fileEncoding = 4; lastKnownFileType = sourcecode.c.objc; path = FMDatabase.m; sourceTree = "<group>"; };
		5F6A93BE21C235FD00AE1550 /* FMDatabaseAdditions.h */ = {isa = PBXFileReference; fileEncoding = 4; lastKnownFileType = sourcecode.c.h; path = FMDatabaseAdditions.h; sourceTree = "<group>"; };
		5F6A93BF21C235FD00AE1550 /* FMDatabaseAdditions.m */ = {isa = PBXFileReference; fileEncoding = 4; lastKnownFileType = sourcecode.c.objc; path = FMDatabaseAdditions.m; sourceTree = "<group>"; };
		5F6A93C021C235FD00AE1550 /* FMDatabasePool.h */ = {isa = PBXFileReference; fileEncoding = 4; lastKnownFileType = sourcecode.c.h; path = FMDatabasePool.h; sourceTree = "<group>"; };
		5F6A93C121C235FD00AE1550 /* FMDatabasePool.m */ = {isa = PBXFileReference; fileEncoding = 4; lastKnownFileType = sourcecode.c.objc; path = FMDatabasePool.m; sourceTree = "<group>"; };
		5F6A93C221C235FD00AE1550 /* FMDatabaseQueue.h */ = {isa = PBXFileReference; fileEncoding = 4; lastKnownFileType = sourcecode.c.h; path = FMDatabaseQueue.h; sourceTree = "<group>"; };
		5F6A93C321C235FD00AE1550 /* FMDatabaseQueue.m */ = {isa = PBXFileReference; fileEncoding = 4; lastKnownFileType = sourcecode.c.objc; path = FMDatabaseQueue.m; sourceTree = "<group>"; };
		5F6A93C421C235FD00AE1550 /* FMDB.h */ = {isa = PBXFileReference; fileEncoding = 4; lastKnownFileType = sourcecode.c.h; path = FMDB.h; sourceTree = "<group>"; };
		5F6A93C521C235FD00AE1550 /* FMResultSet.h */ = {isa = PBXFileReference; fileEncoding = 4; lastKnownFileType = sourcecode.c.h; path = FMResultSet.h; sourceTree = "<group>"; };
		5F6A93C621C235FD00AE1550 /* FMResultSet.m */ = {isa = PBXFileReference; fileEncoding = 4; lastKnownFileType = sourcecode.c.objc; path = FMResultSet.m; sourceTree = "<group>"; };
		5F6A93C721C235FD00AE1550 /* Info.plist */ = {isa = PBXFileReference; fileEncoding = 4; lastKnownFileType = text.plist.xml; path = Info.plist; sourceTree = "<group>"; };
		5F6FBAA621C369D200C2DB16 /* Util.swift */ = {isa = PBXFileReference; lastKnownFileType = sourcecode.swift; path = Util.swift; sourceTree = "<group>"; };
		5FD58F6921C238E600CCC740 /* AVKit.framework */ = {isa = PBXFileReference; lastKnownFileType = wrapper.framework; name = AVKit.framework; path = System/Library/Frameworks/AVKit.framework; sourceTree = SDKROOT; };
		5FD58F6B21C238EC00CCC740 /* AVFoundation.framework */ = {isa = PBXFileReference; lastKnownFileType = wrapper.framework; name = AVFoundation.framework; path = System/Library/Frameworks/AVFoundation.framework; sourceTree = SDKROOT; };
		5FD58F6D21C238F200CCC740 /* libsqlite3.0.tbd */ = {isa = PBXFileReference; lastKnownFileType = "sourcecode.text-based-dylib-definition"; name = libsqlite3.0.tbd; path = usr/lib/libsqlite3.0.tbd; sourceTree = SDKROOT; };
		5FD58F6F21C2503900CCC740 /* ViewImage.swift */ = {isa = PBXFileReference; lastKnownFileType = sourcecode.swift; path = ViewImage.swift; sourceTree = "<group>"; };
		5FD58FAD21C271A800CCC740 /* ImageTableCell.swift */ = {isa = PBXFileReference; lastKnownFileType = sourcecode.swift; path = ImageTableCell.swift; sourceTree = "<group>"; };
		5FD58FAF21C277D300CCC740 /* ListModel.swift */ = {isa = PBXFileReference; lastKnownFileType = sourcecode.swift; path = ListModel.swift; sourceTree = "<group>"; };
/* End PBXFileReference section */

/* Begin PBXFrameworksBuildPhase section */
		5F6A938421C21C9E00AE1550 /* Frameworks */ = {
			isa = PBXFrameworksBuildPhase;
			buildActionMask = 2147483647;
			files = (
				5FD58F6E21C238F200CCC740 /* libsqlite3.0.tbd in Frameworks */,
				5FD58F6C21C238EC00CCC740 /* AVFoundation.framework in Frameworks */,
				5FD58F6A21C238E600CCC740 /* AVKit.framework in Frameworks */,
			);
			runOnlyForDeploymentPostprocessing = 0;
		};
		5F6A939821C21CB400AE1550 /* Frameworks */ = {
			isa = PBXFrameworksBuildPhase;
			buildActionMask = 2147483647;
			files = (
			);
			runOnlyForDeploymentPostprocessing = 0;
		};
		5F6A93A321C21CB400AE1550 /* Frameworks */ = {
			isa = PBXFrameworksBuildPhase;
			buildActionMask = 2147483647;
			files = (
			);
			runOnlyForDeploymentPostprocessing = 0;
		};
/* End PBXFrameworksBuildPhase section */

/* Begin PBXGroup section */
		5F6A937E21C21C9E00AE1550 = {
			isa = PBXGroup;
			children = (
				5F6A93BA21C235B500AE1550 /* HeaderFile.h */,
				5F6A93BB21C235FD00AE1550 /* fmdb */,
				5F6A938921C21C9E00AE1550 /* imageSQLite-iOS */,
				5F6A939E21C21CB400AE1550 /* imageSQLite-iOSTests */,
				5F6A93A921C21CB400AE1550 /* imageSQLite-iOSUITests */,
				5F6A938821C21C9E00AE1550 /* Products */,
				5FD58F6821C238E500CCC740 /* Frameworks */,
			);
			sourceTree = "<group>";
		};
		5F6A938821C21C9E00AE1550 /* Products */ = {
			isa = PBXGroup;
			children = (
				5F6A938721C21C9E00AE1550 /* imageSQLite-iOS.app */,
				5F6A939B21C21CB400AE1550 /* imageSQLite-iOSTests.xctest */,
				5F6A93A621C21CB400AE1550 /* imageSQLite-iOSUITests.xctest */,
			);
			name = Products;
			sourceTree = "<group>";
		};
		5F6A938921C21C9E00AE1550 /* imageSQLite-iOS */ = {
			isa = PBXGroup;
			children = (
				5F6A938A21C21C9E00AE1550 /* AppDelegate.swift */,
				5F6A938C21C21C9E00AE1550 /* ViewController.swift */,
				5F6A938E21C21C9E00AE1550 /* Main.storyboard */,
				5F6A939121C21CB400AE1550 /* Assets.xcassets */,
				5F6A939321C21CB400AE1550 /* LaunchScreen.storyboard */,
				5F6A939621C21CB400AE1550 /* Info.plist */,
				5F6A93B821C2359B00AE1550 /* DatabaseManager.swift */,
				5FD58F6F21C2503900CCC740 /* ViewImage.swift */,
				5FD58FAD21C271A800CCC740 /* ImageTableCell.swift */,
				5FD58FAF21C277D300CCC740 /* ListModel.swift */,
				5F6FBAA621C369D200C2DB16 /* Util.swift */,
			);
			path = "imageSQLite-iOS";
			sourceTree = "<group>";
		};
		5F6A939E21C21CB400AE1550 /* imageSQLite-iOSTests */ = {
			isa = PBXGroup;
			children = (
				5F6A939F21C21CB400AE1550 /* imageSQLite_iOSTests.swift */,
				5F6A93A121C21CB400AE1550 /* Info.plist */,
			);
			path = "imageSQLite-iOSTests";
			sourceTree = "<group>";
		};
		5F6A93A921C21CB400AE1550 /* imageSQLite-iOSUITests */ = {
			isa = PBXGroup;
			children = (
				5F6A93AA21C21CB400AE1550 /* imageSQLite_iOSUITests.swift */,
				5F6A93AC21C21CB400AE1550 /* Info.plist */,
			);
			path = "imageSQLite-iOSUITests";
			sourceTree = "<group>";
		};
		5F6A93BB21C235FD00AE1550 /* fmdb */ = {
			isa = PBXGroup;
			children = (
				5F6A93BC21C235FD00AE1550 /* FMDatabase.h */,
				5F6A93BD21C235FD00AE1550 /* FMDatabase.m */,
				5F6A93BE21C235FD00AE1550 /* FMDatabaseAdditions.h */,
				5F6A93BF21C235FD00AE1550 /* FMDatabaseAdditions.m */,
				5F6A93C021C235FD00AE1550 /* FMDatabasePool.h */,
				5F6A93C121C235FD00AE1550 /* FMDatabasePool.m */,
				5F6A93C221C235FD00AE1550 /* FMDatabaseQueue.h */,
				5F6A93C321C235FD00AE1550 /* FMDatabaseQueue.m */,
				5F6A93C421C235FD00AE1550 /* FMDB.h */,
				5F6A93C521C235FD00AE1550 /* FMResultSet.h */,
				5F6A93C621C235FD00AE1550 /* FMResultSet.m */,
				5F6A93C721C235FD00AE1550 /* Info.plist */,
			);
			path = fmdb;
			sourceTree = "<group>";
		};
		5FD58F6821C238E500CCC740 /* Frameworks */ = {
			isa = PBXGroup;
			children = (
				5FD58F6D21C238F200CCC740 /* libsqlite3.0.tbd */,
				5FD58F6B21C238EC00CCC740 /* AVFoundation.framework */,
				5FD58F6921C238E600CCC740 /* AVKit.framework */,
			);
			name = Frameworks;
			sourceTree = "<group>";
		};
/* End PBXGroup section */

/* Begin PBXNativeTarget section */
		5F6A938621C21C9E00AE1550 /* imageSQLite-iOS */ = {
			isa = PBXNativeTarget;
			buildConfigurationList = 5F6A93AF21C21CB400AE1550 /* Build configuration list for PBXNativeTarget "imageSQLite-iOS" */;
			buildPhases = (
				5F6A938321C21C9E00AE1550 /* Sources */,
				5F6A938421C21C9E00AE1550 /* Frameworks */,
				5F6A938521C21C9E00AE1550 /* Resources */,
			);
			buildRules = (
			);
			dependencies = (
			);
			name = "imageSQLite-iOS";
			productName = "imageSQLite-iOS";
			productReference = 5F6A938721C21C9E00AE1550 /* imageSQLite-iOS.app */;
			productType = "com.apple.product-type.application";
		};
		5F6A939A21C21CB400AE1550 /* imageSQLite-iOSTests */ = {
			isa = PBXNativeTarget;
			buildConfigurationList = 5F6A93B221C21CB400AE1550 /* Build configuration list for PBXNativeTarget "imageSQLite-iOSTests" */;
			buildPhases = (
				5F6A939721C21CB400AE1550 /* Sources */,
				5F6A939821C21CB400AE1550 /* Frameworks */,
				5F6A939921C21CB400AE1550 /* Resources */,
			);
			buildRules = (
			);
			dependencies = (
				5F6A939D21C21CB400AE1550 /* PBXTargetDependency */,
			);
			name = "imageSQLite-iOSTests";
			productName = "imageSQLite-iOSTests";
			productReference = 5F6A939B21C21CB400AE1550 /* imageSQLite-iOSTests.xctest */;
			productType = "com.apple.product-type.bundle.unit-test";
		};
		5F6A93A521C21CB400AE1550 /* imageSQLite-iOSUITests */ = {
			isa = PBXNativeTarget;
			buildConfigurationList = 5F6A93B521C21CB400AE1550 /* Build configuration list for PBXNativeTarget "imageSQLite-iOSUITests" */;
			buildPhases = (
				5F6A93A221C21CB400AE1550 /* Sources */,
				5F6A93A321C21CB400AE1550 /* Frameworks */,
				5F6A93A421C21CB400AE1550 /* Resources */,
			);
			buildRules = (
			);
			dependencies = (
				5F6A93A821C21CB400AE1550 /* PBXTargetDependency */,
			);
			name = "imageSQLite-iOSUITests";
			productName = "imageSQLite-iOSUITests";
			productReference = 5F6A93A621C21CB400AE1550 /* imageSQLite-iOSUITests.xctest */;
			productType = "com.apple.product-type.bundle.ui-testing";
		};
/* End PBXNativeTarget section */

/* Begin PBXProject section */
		5F6A937F21C21C9E00AE1550 /* Project object */ = {
			isa = PBXProject;
			attributes = {
				LastSwiftUpdateCheck = 1000;
				LastUpgradeCheck = 1000;
				ORGANIZATIONNAME = "Megavision Technologies";
				TargetAttributes = {
					5F6A938621C21C9E00AE1550 = {
						CreatedOnToolsVersion = 10.0;
					};
					5F6A939A21C21CB400AE1550 = {
						CreatedOnToolsVersion = 10.0;
						TestTargetID = 5F6A938621C21C9E00AE1550;
					};
					5F6A93A521C21CB400AE1550 = {
						CreatedOnToolsVersion = 10.0;
						TestTargetID = 5F6A938621C21C9E00AE1550;
					};
				};
			};
			buildConfigurationList = 5F6A938221C21C9E00AE1550 /* Build configuration list for PBXProject "imageSQLite-iOS" */;
			compatibilityVersion = "Xcode 9.3";
			developmentRegion = en;
			hasScannedForEncodings = 0;
			knownRegions = (
				en,
				Base,
			);
			mainGroup = 5F6A937E21C21C9E00AE1550;
			productRefGroup = 5F6A938821C21C9E00AE1550 /* Products */;
			projectDirPath = "";
			projectRoot = "";
			targets = (
				5F6A938621C21C9E00AE1550 /* imageSQLite-iOS */,
				5F6A939A21C21CB400AE1550 /* imageSQLite-iOSTests */,
				5F6A93A521C21CB400AE1550 /* imageSQLite-iOSUITests */,
			);
		};
/* End PBXProject section */

/* Begin PBXResourcesBuildPhase section */
		5F6A938521C21C9E00AE1550 /* Resources */ = {
			isa = PBXResourcesBuildPhase;
			buildActionMask = 2147483647;
			files = (
				5F6A939521C21CB400AE1550 /* LaunchScreen.storyboard in Resources */,
				5F6A939221C21CB400AE1550 /* Assets.xcassets in Resources */,
				5F6A939021C21C9E00AE1550 /* Main.storyboard in Resources */,
			);
			runOnlyForDeploymentPostprocessing = 0;
		};
		5F6A939921C21CB400AE1550 /* Resources */ = {
			isa = PBXResourcesBuildPhase;
			buildActionMask = 2147483647;
			files = (
			);
			runOnlyForDeploymentPostprocessing = 0;
		};
		5F6A93A421C21CB400AE1550 /* Resources */ = {
			isa = PBXResourcesBuildPhase;
			buildActionMask = 2147483647;
			files = (
			);
			runOnlyForDeploymentPostprocessing = 0;
		};
/* End PBXResourcesBuildPhase section */

/* Begin PBXSourcesBuildPhase section */
		5F6A938321C21C9E00AE1550 /* Sources */ = {
			isa = PBXSourcesBuildPhase;
			buildActionMask = 2147483647;
			files = (
				5F6A938D21C21C9E00AE1550 /* ViewController.swift in Sources */,
				5F6A93CA21C235FD00AE1550 /* FMDatabasePool.m in Sources */,
				5F6A938B21C21C9E00AE1550 /* AppDelegate.swift in Sources */,
				5F6A93CB21C235FD00AE1550 /* FMDatabaseQueue.m in Sources */,
				5FD58FAE21C271A800CCC740 /* ImageTableCell.swift in Sources */,
				5F6A93B921C2359B00AE1550 /* DatabaseManager.swift in Sources */,
				5FD58F7021C2503900CCC740 /* ViewImage.swift in Sources */,
				5F6FBAA721C369D200C2DB16 /* Util.swift in Sources */,
				5F6A93C821C235FD00AE1550 /* FMDatabase.m in Sources */,
				5F6A93CC21C235FD00AE1550 /* FMResultSet.m in Sources */,
				5FD58FB021C277D300CCC740 /* ListModel.swift in Sources */,
				5F6A93C921C235FD00AE1550 /* FMDatabaseAdditions.m in Sources */,
			);
			runOnlyForDeploymentPostprocessing = 0;
		};
		5F6A939721C21CB400AE1550 /* Sources */ = {
			isa = PBXSourcesBuildPhase;
			buildActionMask = 2147483647;
			files = (
				5F6A93A021C21CB400AE1550 /* imageSQLite_iOSTests.swift in Sources */,
			);
			runOnlyForDeploymentPostprocessing = 0;
		};
		5F6A93A221C21CB400AE1550 /* Sources */ = {
			isa = PBXSourcesBuildPhase;
			buildActionMask = 2147483647;
			files = (
				5F6A93AB21C21CB400AE1550 /* imageSQLite_iOSUITests.swift in Sources */,
			);
			runOnlyForDeploymentPostprocessing = 0;
		};
/* End PBXSourcesBuildPhase section */

/* Begin PBXTargetDependency section */
		5F6A939D21C21CB400AE1550 /* PBXTargetDependency */ = {
			isa = PBXTargetDependency;
			target = 5F6A938621C21C9E00AE1550 /* imageSQLite-iOS */;
			targetProxy = 5F6A939C21C21CB400AE1550 /* PBXContainerItemProxy */;
		};
		5F6A93A821C21CB400AE1550 /* PBXTargetDependency */ = {
			isa = PBXTargetDependency;
			target = 5F6A938621C21C9E00AE1550 /* imageSQLite-iOS */;
			targetProxy = 5F6A93A721C21CB400AE1550 /* PBXContainerItemProxy */;
		};
/* End PBXTargetDependency section */

/* Begin PBXVariantGroup section */
		5F6A938E21C21C9E00AE1550 /* Main.storyboard */ = {
			isa = PBXVariantGroup;
			children = (
				5F6A938F21C21C9E00AE1550 /* Base */,
			);
			name = Main.storyboard;
			sourceTree = "<group>";
		};
		5F6A939321C21CB400AE1550 /* LaunchScreen.storyboard */ = {
			isa = PBXVariantGroup;
			children = (
				5F6A939421C21CB400AE1550 /* Base */,
			);
			name = LaunchScreen.storyboard;
			sourceTree = "<group>";
		};
/* End PBXVariantGroup section */

/* Begin XCBuildConfiguration section */
		5F6A93AD21C21CB400AE1550 /* Debug */ = {
			isa = XCBuildConfiguration;
			buildSettings = {
				ALWAYS_SEARCH_USER_PATHS = NO;
				CLANG_ANALYZER_NONNULL = YES;
				CLANG_ANALYZER_NUMBER_OBJECT_CONVERSION = YES_AGGRESSIVE;
				CLANG_CXX_LANGUAGE_STANDARD = "gnu++14";
				CLANG_CXX_LIBRARY = "libc++";
				CLANG_ENABLE_MODULES = YES;
				CLANG_ENABLE_OBJC_ARC = YES;
				CLANG_ENABLE_OBJC_WEAK = YES;
				CLANG_WARN_BLOCK_CAPTURE_AUTORELEASING = YES;
				CLANG_WARN_BOOL_CONVERSION = YES;
				CLANG_WARN_COMMA = YES;
				CLANG_WARN_CONSTANT_CONVERSION = YES;
				CLANG_WARN_DEPRECATED_OBJC_IMPLEMENTATIONS = YES;
				CLANG_WARN_DIRECT_OBJC_ISA_USAGE = YES_ERROR;
				CLANG_WARN_DOCUMENTATION_COMMENTS = YES;
				CLANG_WARN_EMPTY_BODY = YES;
				CLANG_WARN_ENUM_CONVERSION = YES;
				CLANG_WARN_INFINITE_RECURSION = YES;
				CLANG_WARN_INT_CONVERSION = YES;
				CLANG_WARN_NON_LITERAL_NULL_CONVERSION = YES;
				CLANG_WARN_OBJC_IMPLICIT_RETAIN_SELF = YES;
				CLANG_WARN_OBJC_LITERAL_CONVERSION = YES;
				CLANG_WARN_OBJC_ROOT_CLASS = YES_ERROR;
				CLANG_WARN_RANGE_LOOP_ANALYSIS = YES;
				CLANG_WARN_STRICT_PROTOTYPES = YES;
				CLANG_WARN_SUSPICIOUS_MOVE = YES;
				CLANG_WARN_UNGUARDED_AVAILABILITY = YES_AGGRESSIVE;
				CLANG_WARN_UNREACHABLE_CODE = YES;
				CLANG_WARN__DUPLICATE_METHOD_MATCH = YES;
				CODE_SIGN_IDENTITY = "iPhone Developer";
				COPY_PHASE_STRIP = NO;
				DEBUG_INFORMATION_FORMAT = dwarf;
				ENABLE_STRICT_OBJC_MSGSEND = YES;
				ENABLE_TESTABILITY = YES;
				GCC_C_LANGUAGE_STANDARD = gnu11;
				GCC_DYNAMIC_NO_PIC = NO;
				GCC_NO_COMMON_BLOCKS = YES;
				GCC_OPTIMIZATION_LEVEL = 0;
				GCC_PREPROCESSOR_DEFINITIONS = (
					"DEBUG=1",
					"$(inherited)",
				);
				GCC_WARN_64_TO_32_BIT_CONVERSION = YES;
				GCC_WARN_ABOUT_RETURN_TYPE = YES_ERROR;
				GCC_WARN_UNDECLARED_SELECTOR = YES;
				GCC_WARN_UNINITIALIZED_AUTOS = YES_AGGRESSIVE;
				GCC_WARN_UNUSED_FUNCTION = YES;
				GCC_WARN_UNUSED_VARIABLE = YES;
				IPHONEOS_DEPLOYMENT_TARGET = 12.0;
				MTL_ENABLE_DEBUG_INFO = INCLUDE_SOURCE;
				MTL_FAST_MATH = YES;
				ONLY_ACTIVE_ARCH = YES;
				SDKROOT = iphoneos;
				SWIFT_ACTIVE_COMPILATION_CONDITIONS = DEBUG;
				SWIFT_OPTIMIZATION_LEVEL = "-Onone";
			};
			name = Debug;
		};
		5F6A93AE21C21CB400AE1550 /* Release */ = {
			isa = XCBuildConfiguration;
			buildSettings = {
				ALWAYS_SEARCH_USER_PATHS = NO;
				CLANG_ANALYZER_NONNULL = YES;
				CLANG_ANALYZER_NUMBER_OBJECT_CONVERSION = YES_AGGRESSIVE;
				CLANG_CXX_LANGUAGE_STANDARD = "gnu++14";
				CLANG_CXX_LIBRARY = "libc++";
				CLANG_ENABLE_MODULES = YES;
				CLANG_ENABLE_OBJC_ARC = YES;
				CLANG_ENABLE_OBJC_WEAK = YES;
				CLANG_WARN_BLOCK_CAPTURE_AUTORELEASING = YES;
				CLANG_WARN_BOOL_CONVERSION = YES;
				CLANG_WARN_COMMA = YES;
				CLANG_WARN_CONSTANT_CONVERSION = YES;
				CLANG_WARN_DEPRECATED_OBJC_IMPLEMENTATIONS = YES;
				CLANG_WARN_DIRECT_OBJC_ISA_USAGE = YES_ERROR;
				CLANG_WARN_DOCUMENTATION_COMMENTS = YES;
				CLANG_WARN_EMPTY_BODY = YES;
				CLANG_WARN_ENUM_CONVERSION = YES;
				CLANG_WARN_INFINITE_RECURSION = YES;
				CLANG_WARN_INT_CONVERSION = YES;
				CLANG_WARN_NON_LITERAL_NULL_CONVERSION = YES;
				CLANG_WARN_OBJC_IMPLICIT_RETAIN_SELF = YES;
				CLANG_WARN_OBJC_LITERAL_CONVERSION = YES;
				CLANG_WARN_OBJC_ROOT_CLASS = YES_ERROR;
				CLANG_WARN_RANGE_LOOP_ANALYSIS = YES;
				CLANG_WARN_STRICT_PROTOTYPES = YES;
				CLANG_WARN_SUSPICIOUS_MOVE = YES;
				CLANG_WARN_UNGUARDED_AVAILABILITY = YES_AGGRESSIVE;
				CLANG_WARN_UNREACHABLE_CODE = YES;
				CLANG_WARN__DUPLICATE_METHOD_MATCH = YES;
				CODE_SIGN_IDENTITY = "iPhone Developer";
				COPY_PHASE_STRIP = NO;
				DEBUG_INFORMATION_FORMAT = "dwarf-with-dsym";
				ENABLE_NS_ASSERTIONS = NO;
				ENABLE_STRICT_OBJC_MSGSEND = YES;
				GCC_C_LANGUAGE_STANDARD = gnu11;
				GCC_NO_COMMON_BLOCKS = YES;
				GCC_WARN_64_TO_32_BIT_CONVERSION = YES;
				GCC_WARN_ABOUT_RETURN_TYPE = YES_ERROR;
				GCC_WARN_UNDECLARED_SELECTOR = YES;
				GCC_WARN_UNINITIALIZED_AUTOS = YES_AGGRESSIVE;
				GCC_WARN_UNUSED_FUNCTION = YES;
				GCC_WARN_UNUSED_VARIABLE = YES;
				IPHONEOS_DEPLOYMENT_TARGET = 12.0;
				MTL_ENABLE_DEBUG_INFO = NO;
				MTL_FAST_MATH = YES;
				SDKROOT = iphoneos;
				SWIFT_COMPILATION_MODE = wholemodule;
				SWIFT_OPTIMIZATION_LEVEL = "-O";
				VALIDATE_PRODUCT = YES;
			};
			name = Release;
		};
		5F6A93B021C21CB400AE1550 /* Debug */ = {
			isa = XCBuildConfiguration;
			buildSettings = {
				ASSETCATALOG_COMPILER_APPICON_NAME = AppIcon;
				CODE_SIGN_STYLE = Automatic;
				DEVELOPMENT_TEAM = 37927U2KH5;
				INFOPLIST_FILE = "imageSQLite-iOS/Info.plist";
				LD_RUNPATH_SEARCH_PATHS = (
					"$(inherited)",
					"@executable_path/Frameworks",
				);
				PRODUCT_BUNDLE_IDENTIFIER = "megavision.imageSQLite-iOS";
				PRODUCT_NAME = "$(TARGET_NAME)";
				SWIFT_OBJC_BRIDGING_HEADER = "$(SRCROOT)/HeaderFile.h";
				SWIFT_VERSION = 4.2;
				TARGETED_DEVICE_FAMILY = "1,2";
			};
			name = Debug;
		};
		5F6A93B121C21CB400AE1550 /* Release */ = {
			isa = XCBuildConfiguration;
			buildSettings = {
				ASSETCATALOG_COMPILER_APPICON_NAME = AppIcon;
				CODE_SIGN_STYLE = Automatic;
				DEVELOPMENT_TEAM = 37927U2KH5;
				INFOPLIST_FILE = "imageSQLite-iOS/Info.plist";
				LD_RUNPATH_SEARCH_PATHS = (
					"$(inherited)",
					"@executable_path/Frameworks",
				);
				PRODUCT_BUNDLE_IDENTIFIER = "megavision.imageSQLite-iOS";
				PRODUCT_NAME = "$(TARGET_NAME)";
				SWIFT_OBJC_BRIDGING_HEADER = "$(SRCROOT)/HeaderFile.h";
				SWIFT_VERSION = 4.2;
				TARGETED_DEVICE_FAMILY = "1,2";
			};
			name = Release;
		};
		5F6A93B321C21CB400AE1550 /* Debug */ = {
			isa = XCBuildConfiguration;
			buildSettings = {
				ALWAYS_EMBED_SWIFT_STANDARD_LIBRARIES = YES;
				BUNDLE_LOADER = "$(TEST_HOST)";
				CODE_SIGN_STYLE = Automatic;
				DEVELOPMENT_TEAM = 4TGD9D35L7;
				INFOPLIST_FILE = "imageSQLite-iOSTests/Info.plist";
				LD_RUNPATH_SEARCH_PATHS = (
					"$(inherited)",
					"@executable_path/Frameworks",
					"@loader_path/Frameworks",
				);
				PRODUCT_BUNDLE_IDENTIFIER = "megavision.imageSQLite-iOSTests";
				PRODUCT_NAME = "$(TARGET_NAME)";
				SWIFT_VERSION = 4.2;
				TARGETED_DEVICE_FAMILY = "1,2";
				TEST_HOST = "$(BUILT_PRODUCTS_DIR)/imageSQLite-iOS.app/imageSQLite-iOS";
			};
			name = Debug;
		};
		5F6A93B421C21CB400AE1550 /* Release */ = {
			isa = XCBuildConfiguration;
			buildSettings = {
				ALWAYS_EMBED_SWIFT_STANDARD_LIBRARIES = YES;
				BUNDLE_LOADER = "$(TEST_HOST)";
				CODE_SIGN_STYLE = Automatic;
				DEVELOPMENT_TEAM = 4TGD9D35L7;
				INFOPLIST_FILE = "imageSQLite-iOSTests/Info.plist";
				LD_RUNPATH_SEARCH_PATHS = (
					"$(inherited)",
					"@executable_path/Frameworks",
					"@loader_path/Frameworks",
				);
				PRODUCT_BUNDLE_IDENTIFIER = "megavision.imageSQLite-iOSTests";
				PRODUCT_NAME = "$(TARGET_NAME)";
				SWIFT_VERSION = 4.2;
				TARGETED_DEVICE_FAMILY = "1,2";
				TEST_HOST = "$(BUILT_PRODUCTS_DIR)/imageSQLite-iOS.app/imageSQLite-iOS";
			};
			name = Release;
		};
		5F6A93B621C21CB400AE1550 /* Debug */ = {
			isa = XCBuildConfiguration;
			buildSettings = {
				ALWAYS_EMBED_SWIFT_STANDARD_LIBRARIES = YES;
				CODE_SIGN_STYLE = Automatic;
				DEVELOPMENT_TEAM = 4TGD9D35L7;
				INFOPLIST_FILE = "imageSQLite-iOSUITests/Info.plist";
				LD_RUNPATH_SEARCH_PATHS = (
					"$(inherited)",
					"@executable_path/Frameworks",
					"@loader_path/Frameworks",
				);
				PRODUCT_BUNDLE_IDENTIFIER = "megavision.imageSQLite-iOSUITests";
				PRODUCT_NAME = "$(TARGET_NAME)";
				SWIFT_VERSION = 4.2;
				TARGETED_DEVICE_FAMILY = "1,2";
				TEST_TARGET_NAME = "imageSQLite-iOS";
			};
			name = Debug;
		};
		5F6A93B721C21CB400AE1550 /* Release */ = {
			isa = XCBuildConfiguration;
			buildSettings = {
				ALWAYS_EMBED_SWIFT_STANDARD_LIBRARIES = YES;
				CODE_SIGN_STYLE = Automatic;
				DEVELOPMENT_TEAM = 4TGD9D35L7;
				INFOPLIST_FILE = "imageSQLite-iOSUITests/Info.plist";
				LD_RUNPATH_SEARCH_PATHS = (
					"$(inherited)",
					"@executable_path/Frameworks",
					"@loader_path/Frameworks",
				);
				PRODUCT_BUNDLE_IDENTIFIER = "megavision.imageSQLite-iOSUITests";
				PRODUCT_NAME = "$(TARGET_NAME)";
				SWIFT_VERSION = 4.2;
				TARGETED_DEVICE_FAMILY = "1,2";
				TEST_TARGET_NAME = "imageSQLite-iOS";
			};
			name = Release;
		};
/* End XCBuildConfiguration section */

/* Begin XCConfigurationList section */
		5F6A938221C21C9E00AE1550 /* Build configuration list for PBXProject "imageSQLite-iOS" */ = {
			isa = XCConfigurationList;
			buildConfigurations = (
				5F6A93AD21C21CB400AE1550 /* Debug */,
				5F6A93AE21C21CB400AE1550 /* Release */,
			);
			defaultConfigurationIsVisible = 0;
			defaultConfigurationName = Release;
		};
		5F6A93AF21C21CB400AE1550 /* Build configuration list for PBXNativeTarget "imageSQLite-iOS" */ = {
			isa = XCConfigurationList;
			buildConfigurations = (
				5F6A93B021C21CB400AE1550 /* Debug */,
				5F6A93B121C21CB400AE1550 /* Release */,
			);
			defaultConfigurationIsVisible = 0;
			defaultConfigurationName = Release;
		};
		5F6A93B221C21CB400AE1550 /* Build configuration list for PBXNativeTarget "imageSQLite-iOSTests" */ = {
			isa = XCConfigurationList;
			buildConfigurations = (
				5F6A93B321C21CB400AE1550 /* Debug */,
				5F6A93B421C21CB400AE1550 /* Release */,
			);
			defaultConfigurationIsVisible = 0;
			defaultConfigurationName = Release;
		};
		5F6A93B521C21CB400AE1550 /* Build configuration list for PBXNativeTarget "imageSQLite-iOSUITests" */ = {
			isa = XCConfigurationList;
			buildConfigurations = (
				5F6A93B621C21CB400AE1550 /* Debug */,
				5F6A93B721C21CB400AE1550 /* Release */,
			);
			defaultConfigurationIsVisible = 0;
			defaultConfigurationName = Release;
		};
/* End XCConfigurationList section */
	};
	rootObject = 5F6A937F21C21C9E00AE1550 /* Project object */;
}
